
Microsoft Visual Studio Solution File, Format Version 12.00
# Visual Studio Version 17
VisualStudioVersion = 17.11.34909.67
MinimumVisualStudioVersion = 10.0.40219.1
Project("{FAE04EC0-301F-11D3-BF4B-00C04F79EFBC}") = "JobCandidateHub", "JobCandidateHub\JobCandidateHub.csproj", "{F255D873-EE6C-481D-997B-D470FC567291}"
EndProject
Project("{FAE04EC0-301F-11D3-BF4B-00C04F79EFBC}") = "JobCandidate.Domain", "JobCandidate.Domain\JobCandidate.Domain.csproj", "{B95BAB94-7A00-4D0A-8DD1-CD779FF529D0}"
EndProject
Project("{FAE04EC0-301F-11D3-BF4B-00C04F79EFBC}") = "JobCandidate.Data", "JobCandidate.Data\JobCandidate.Data.csproj", "{80EA990D-C54C-41BE-8E32-F1726F208C0E}"
EndProject
Global
	GlobalSection(SolutionConfigurationPlatforms) = preSolution
		Debug|Any CPU = Debug|Any CPU
		Release|Any CPU = Release|Any CPU
	EndGlobalSection
	GlobalSection(ProjectConfigurationPlatforms) = postSolution
		{F255D873-EE6C-481D-997B-D470FC567291}.Debug|Any CPU.ActiveCfg = Debug|Any CPU
		{F255D873-EE6C-481D-997B-D470FC567291}.Debug|Any CPU.Build.0 = Debug|Any CPU
		{F255D873-EE6C-481D-997B-D470FC567291}.Release|Any CPU.ActiveCfg = Release|Any CPU
		{F255D873-EE6C-481D-997B-D470FC567291}.Release|Any CPU.Build.0 = Release|Any CPU
		{B95BAB94-7A00-4D0A-8DD1-CD779FF529D0}.Debug|Any CPU.ActiveCfg = Debug|Any CPU
		{B95BAB94-7A00-4D0A-8DD1-CD779FF529D0}.Debug|Any CPU.Build.0 = Debug|Any CPU
		{B95BAB94-7A00-4D0A-8DD1-CD779FF529D0}.Release|Any CPU.ActiveCfg = Release|Any CPU
		{B95BAB94-7A00-4D0A-8DD1-CD779FF529D0}.Release|Any CPU.Build.0 = Release|Any CPU
		{80EA990D-C54C-41BE-8E32-F1726F208C0E}.Debug|Any CPU.ActiveCfg = Debug|Any CPU
		{80EA990D-C54C-41BE-8E32-F1726F208C0E}.Debug|Any CPU.Build.0 = Debug|Any CPU
		{80EA990D-C54C-41BE-8E32-F1726F208C0E}.Release|Any CPU.ActiveCfg = Release|Any CPU
		{80EA990D-C54C-41BE-8E32-F1726F208C0E}.Release|Any CPU.Build.0 = Release|Any CPU
	EndGlobalSection
	GlobalSection(SolutionProperties) = preSolution
		HideSolutionNode = FALSE
	EndGlobalSection
	GlobalSection(ExtensibilityGlobals) = postSolution
		SolutionGuid = {C00BAC41-9371-4EA5-86AE-1B5E7771986C}
	EndGlobalSection
EndGlobal
